
Microsoft Visual Studio Solution File, Format Version 12.00
# Visual Studio Version 17
VisualStudioVersion = 17.1.32127.271
MinimumVisualStudioVersion = 10.0.40219.1
Project("{9A19103F-16F7-4668-BE54-9A1E7A4F7556}") = "PandaSharp", "PandaSharp\PandaSharp.csproj", "{7B1F0653-CCAA-41D2-B3E2-A96F15081C30}"
EndProject
Project("{9A19103F-16F7-4668-BE54-9A1E7A4F7556}") = "PandaSharp.Tests", "PandaSharp.Tests\PandaSharp.Tests.csproj", "{3788565A-E9BE-4D5D-956B-27E7BE0B07F5}"
EndProject
Project("{2150E333-8FDC-42A3-9474-1A3956D46DE8}") = "samples", "samples", "{15F51849-3BF5-4921-B139-53962C789090}"
EndProject
Project("{FAE04EC0-301F-11D3-BF4B-00C04F79EFBC}") = "PandaSharp.Samples.Api", "samples\PandaSharp.Samples.Api\PandaSharp.Samples.Api.csproj", "{AE852D17-CDE6-4703-88B7-DDA77CE97055}"
EndProject
Global
	GlobalSection(SolutionConfigurationPlatforms) = preSolution
		Debug|Any CPU = Debug|Any CPU
		Release|Any CPU = Release|Any CPU
	EndGlobalSection
	GlobalSection(ProjectConfigurationPlatforms) = postSolution
		{7B1F0653-CCAA-41D2-B3E2-A96F15081C30}.Debug|Any CPU.ActiveCfg = Debug|Any CPU
		{7B1F0653-CCAA-41D2-B3E2-A96F15081C30}.Debug|Any CPU.Build.0 = Debug|Any CPU
		{7B1F0653-CCAA-41D2-B3E2-A96F15081C30}.Release|Any CPU.ActiveCfg = Release|Any CPU
		{7B1F0653-CCAA-41D2-B3E2-A96F15081C30}.Release|Any CPU.Build.0 = Release|Any CPU
		{3788565A-E9BE-4D5D-956B-27E7BE0B07F5}.Debug|Any CPU.ActiveCfg = Debug|Any CPU
		{3788565A-E9BE-4D5D-956B-27E7BE0B07F5}.Debug|Any CPU.Build.0 = Debug|Any CPU
		{3788565A-E9BE-4D5D-956B-27E7BE0B07F5}.Release|Any CPU.ActiveCfg = Release|Any CPU
		{3788565A-E9BE-4D5D-956B-27E7BE0B07F5}.Release|Any CPU.Build.0 = Release|Any CPU
		{AE852D17-CDE6-4703-88B7-DDA77CE97055}.Debug|Any CPU.ActiveCfg = Debug|Any CPU
		{AE852D17-CDE6-4703-88B7-DDA77CE97055}.Debug|Any CPU.Build.0 = Debug|Any CPU
		{AE852D17-CDE6-4703-88B7-DDA77CE97055}.Release|Any CPU.ActiveCfg = Release|Any CPU
		{AE852D17-CDE6-4703-88B7-DDA77CE97055}.Release|Any CPU.Build.0 = Release|Any CPU
	EndGlobalSection
	GlobalSection(SolutionProperties) = preSolution
		HideSolutionNode = FALSE
	EndGlobalSection
	GlobalSection(NestedProjects) = preSolution
		{AE852D17-CDE6-4703-88B7-DDA77CE97055} = {15F51849-3BF5-4921-B139-53962C789090}
	EndGlobalSection
	GlobalSection(ExtensibilityGlobals) = postSolution
		SolutionGuid = {9BC3B3B0-9E5B-43AB-8DB4-2CE8A563DFAB}
	EndGlobalSection
EndGlobal
